{
  "nodes": {
    "nixpkgs": {
      "locked": {
        "lastModified": 1764445028,
        "narHash": "sha256-ik6H/0Zl+qHYDKTXFPpzuVHSZE+uvVz2XQuQd1IVXzo=",
        "owner": "nixos",
        "repo": "nixpkgs",
        "rev": "a09378c0108815dbf3961a0e085936f4146ec415",
        "type": "github"
      },
      "original": {
        "owner": "nixos",
        "ref": "nixpkgs-unstable",
        "repo": "nixpkgs",
        "type": "github"
      }
    },
    "root": {
      "inputs": {
        "nixpkgs": "nixpkgs",
        "systems": "systems"
      }
    },
    "systems": {
      "locked": {
        "lastModified": 1689347949,
        "narHash": "sha256-12tWmuL2zgBgZkdoB6qXZsgJEH9LR3oUgpaQq2RbI80=",
        "owner": "nix-systems",
        "repo": "default-linux",
        "rev": "31732fcf5e8fea42e59c2488ad31a0e651500f68",
        "type": "github"
      },
      "original": {
        "owner": "nix-systems",
        "repo": "default-linux",
        "type": "github"
      }
    }
  },
  "root": "root",
  "version": 7
}
